lockfileVersion: '9.0'

settings:
  autoInstallPeers: true
  excludeLinksFromLockfile: false

importers:

  .:
    dependencies:
      ai:
        specifier: ^6.0.197
        version: 6.0.263(zod@4.4.3)

packages:

  '@ai-sdk/gateway@3.0.179':
    resolution: {integrity: sha512-UauCMcauBgcYNljb7RP4HEuUZj3dlk/yz0oOHdhGr3cXoe+uwwN9qwQlLlB2hnajXudSatI2xpPG8LiHPRgwLQ==}
    engines: {node: '>=18'}
    peerDependencies:
      zod: ^3.25.76 || ^4.1.8

  '@ai-sdk/provider-utils@4.0.46':
    resolution: {integrity: sha512-tEtld97plCFiYevsJuOkGkeuhQndeMWFBVrJS4AjnbD5AqrNSXRCe0p+BZ3Cju/sxDeeZ9ym3q9YUV8fASA7aQ==}
    engines: {node: '>=18.17'}
    peerDependencies:
      zod: ^3.25.76 || ^4.1.8

  '@ai-sdk/provider@3.0.15':
    resolution: {integrity: sha512-XeZW1CcDF2GMbH4wejW6xBRI2QCOgnkVYUnxoeDadB1mf85riL2bMUeDoh+6gJ/r4mjNfzUPW8OjLjvwTP0u1Q==}
    engines: {node: '>=18'}

  '@opentelemetry/api@1.9.1':
    resolution: {integrity: sha512-gLyJlPHPZYdAk1JENA9LeHejZe1Ti77/pTeFm/nMXmQH/HFZlcS/O2XJB+L8fkbrNSqhdtlvjBVjxwUYanNH5Q==}
    engines: {node: '>=8.0.0'}

  '@standard-schema/spec@1.1.0':
    resolution: {integrity: sha512-l2aFy5jALhniG5HgqrD6jXLi/rUWrKvqN/qJx6yoJsgKhblVd+iqqU4RCXavm/jPityDo5TCvKMnpjKnOriy0w==}

  '@vercel/oidc@3.2.0':
    resolution: {integrity: sha512-UycprH3T6n3jH0k44NHMa7pnFHGu/N05MjojYr+Mc6I7obkoLIJujSWwin1pCvdy/eOxrI/l3uDLQsmcrOb4ug==}
    engines: {node: '>= 20'}

  ai@6.0.263:
    resolution: {integrity: sha512-auTWzqk7dSBBSglEjx8UuCHt6sFYI5+7L1Wq4Lk69ABzbXbaXalRD9Gm/NatsbJJqlsi/uP2vNPH+poR65WRig==}
    engines: {node: '>=18'}
    peerDependencies:
      zod: ^3.25.76 || ^4.1.8

  eventsource-parser@3.1.1:
    resolution: {integrity: sha512-EKN1vKAMcZ8MlYMpaNuxN6R9yakzH6uajHcHVTqWJzvu5pWw9DyhbP35HH8MVBQ+dZjAfDxk+A8NiR9KWaXiyQ==}
    engines: {node: '>=18.0.0'}

  json-schema@0.4.0:
    resolution: {integrity: sha512-es94M3nTIfsEPisRafak+HDLfHXnKBhV3vU5eqPcS3flIWqcxJWgXHXiey3YrpaNsanY5ei1VoYEbOzijuq9BA==}

  undici@6.28.0:
    resolution: {integrity: sha512-LIY910g9TI13YS95lrMFrs8Rm/u/irgHeTWoKCoteeJ04CUJ92eEfj0rVn+7VKMPBpUPiUoBKfhNyLI23EE/KA==}
    engines: {node: '>=18.17'}

  zod@4.4.3:
    resolution: {integrity: sha512-ytENFjIJFl2UwYglde2jchW2Hwm4GJFLDiSXWdTrJQBIN9Fcyp7n4DhxJEiWNAJMV1/BqWfW/kkg71UDcHJyTQ==}

snapshots:

  '@ai-sdk/gateway@3.0.179(zod@4.4.3)':
    dependencies:
      '@ai-sdk/provider': 3.0.15
      '@ai-sdk/provider-utils': 4.0.46(zod@4.4.3)
      '@vercel/oidc': 3.2.0
      zod: 4.4.3

  '@ai-sdk/provider-utils@4.0.46(zod@4.4.3)':
    dependencies:
      '@ai-sdk/provider': 3.0.15
      '@standard-schema/spec': 1.1.0
      eventsource-parser: 3.1.1
      undici: 6.28.0
      zod: 4.4.3

  '@ai-sdk/provider@3.0.15':
    dependencies:
      json-schema: 0.4.0

  '@opentelemetry/api@1.9.1': {}

  '@standard-schema/spec@1.1.0': {}

  '@vercel/oidc@3.2.0': {}

  ai@6.0.263(zod@4.4.3):
    dependencies:
      '@ai-sdk/gateway': 3.0.179(zod@4.4.3)
      '@ai-sdk/provider': 3.0.15
      '@ai-sdk/provider-utils': 4.0.46(zod@4.4.3)
      '@opentelemetry/api': 1.9.1
      zod: 4.4.3

  eventsource-parser@3.1.1: {}

  json-schema@0.4.0: {}

  undici@6.28.0: {}

  zod@4.4.3: {}
